
Microsoft Visual Studio Solution File, Format Version 12.00
# Visual Studio Version 16
VisualStudioVersion = 16.0.30804.86
MinimumVisualStudioVersion = 10.0.40219.1
Project("{FAE04EC0-301F-11D3-BF4B-00C04F79EFBC}") = "ClientSatu_115_NurFajarIsmail", "ClientSatu_115_NurFajarIsmail\ClientSatu_115_NurFajarIsmail.csproj", "{8068BA18-1278-4C4B-A57B-D3566B75078C}"
EndProject
Project("{FAE04EC0-301F-11D3-BF4B-00C04F79EFBC}") = "ClientDua_115_NurFajarIsmail", "ClientDua_115_NurFajarISmail\ClientDua_115_NurFajarIsmail.csproj", "{C8D25149-0B96-4435-9757-AE45D2C77E7D}"
EndProject
Project("{FAE04EC0-301F-11D3-BF4B-00C04F79EFBC}") = "ServiceRest_115_NurFajarIsmail", "ServiceRest_115_NurFajarIsmail\ServiceRest_115_NurFajarIsmail.csproj", "{BFD2CDD2-E39C-448A-979C-24196001004B}"
EndProject
Project("{FAE04EC0-301F-11D3-BF4B-00C04F79EFBC}") = "ServerForm_115_NurFajarIsmail", "ServerForm_115_NurFajarIsmail\ServerForm_115_NurFajarIsmail.csproj", "{A6F63B6B-0DA3-4BC8-BD72-286C1F75A75D}"
EndProject
Global
	GlobalSection(SolutionConfigurationPlatforms) = preSolution
		Debug|Any CPU = Debug|Any CPU
		Release|Any CPU = Release|Any CPU
	EndGlobalSection
	GlobalSection(ProjectConfigurationPlatforms) = postSolution
		{8068BA18-1278-4C4B-A57B-D3566B75078C}.Debug|Any CPU.ActiveCfg = Debug|Any CPU
		{8068BA18-1278-4C4B-A57B-D3566B75078C}.Debug|Any CPU.Build.0 = Debug|Any CPU
		{8068BA18-1278-4C4B-A57B-D3566B75078C}.Release|Any CPU.ActiveCfg = Release|Any CPU
		{8068BA18-1278-4C4B-A57B-D3566B75078C}.Release|Any CPU.Build.0 = Release|Any CPU
		{C8D25149-0B96-4435-9757-AE45D2C77E7D}.Debug|Any CPU.ActiveCfg = Debug|Any CPU
		{C8D25149-0B96-4435-9757-AE45D2C77E7D}.Debug|Any CPU.Build.0 = Debug|Any CPU
		{C8D25149-0B96-4435-9757-AE45D2C77E7D}.Release|Any CPU.ActiveCfg = Release|Any CPU
		{C8D25149-0B96-4435-9757-AE45D2C77E7D}.Release|Any CPU.Build.0 = Release|Any CPU
		{BFD2CDD2-E39C-448A-979C-24196001004B}.Debug|Any CPU.ActiveCfg = Debug|Any CPU
		{BFD2CDD2-E39C-448A-979C-24196001004B}.Debug|Any CPU.Build.0 = Debug|Any CPU
		{BFD2CDD2-E39C-448A-979C-24196001004B}.Release|Any CPU.ActiveCfg = Release|Any CPU
		{BFD2CDD2-E39C-448A-979C-24196001004B}.Release|Any CPU.Build.0 = Release|Any CPU
		{A6F63B6B-0DA3-4BC8-BD72-286C1F75A75D}.Debug|Any CPU.ActiveCfg = Debug|Any CPU
		{A6F63B6B-0DA3-4BC8-BD72-286C1F75A75D}.Debug|Any CPU.Build.0 = Debug|Any CPU
		{A6F63B6B-0DA3-4BC8-BD72-286C1F75A75D}.Release|Any CPU.ActiveCfg = Release|Any CPU
		{A6F63B6B-0DA3-4BC8-BD72-286C1F75A75D}.Release|Any CPU.Build.0 = Release|Any CPU
	EndGlobalSection
	GlobalSection(SolutionProperties) = preSolution
		HideSolutionNode = FALSE
	EndGlobalSection
	GlobalSection(ExtensibilityGlobals) = postSolution
		SolutionGuid = {8520986A-9FB6-4BDB-8674-96A099ACF1A7}
	EndGlobalSection
EndGlobal
